
Microsoft Visual Studio Solution File, Format Version 12.00
# Visual Studio 14
VisualStudioVersion = 14.0.25123.0
MinimumVisualStudioVersion = 10.0.40219.1
Project("{2150E333-8FDC-42A3-9474-1A3956D46DE8}") = "External", "External", "{3B0F6600-1640-4E86-8318-78718771F7E2}"
EndProject
Project("{FAE04EC0-301F-11D3-BF4B-00C04F79EFBC}") = "RtmpClient", "RtmpClient\RtmpClient.csproj", "{E4C0D020-F8C8-4E53-8AF2-5FCEDFBE51CF}"
EndProject
Project("{FAE04EC0-301F-11D3-BF4B-00C04F79EFBC}") = "AgqrPlayer4Tv", "AgqrPlayer4Tv\AgqrPlayer4Tv.csproj", "{928BE415-C4EA-4275-9E3D-9000847C8410}"
EndProject
Project("{FAE04EC0-301F-11D3-BF4B-00C04F79EFBC}") = "ExoPlayer", "ExoPlayer\ExoPlayer.csproj", "{0B871C50-6D5D-45D0-B32D-84E25ADB869A}"
EndProject
Global
	GlobalSection(SolutionConfigurationPlatforms) = preSolution
		Debug|Any CPU = Debug|Any CPU
		Release|Any CPU = Release|Any CPU
	EndGlobalSection
	GlobalSection(ProjectConfigurationPlatforms) = postSolution
		{E4C0D020-F8C8-4E53-8AF2-5FCEDFBE51CF}.Debug|Any CPU.ActiveCfg = Debug|Any CPU
		{E4C0D020-F8C8-4E53-8AF2-5FCEDFBE51CF}.Debug|Any CPU.Build.0 = Debug|Any CPU
		{E4C0D020-F8C8-4E53-8AF2-5FCEDFBE51CF}.Release|Any CPU.ActiveCfg = Release|Any CPU
		{E4C0D020-F8C8-4E53-8AF2-5FCEDFBE51CF}.Release|Any CPU.Build.0 = Release|Any CPU
		{928BE415-C4EA-4275-9E3D-9000847C8410}.Debug|Any CPU.ActiveCfg = Debug|Any CPU
		{928BE415-C4EA-4275-9E3D-9000847C8410}.Debug|Any CPU.Build.0 = Debug|Any CPU
		{928BE415-C4EA-4275-9E3D-9000847C8410}.Debug|Any CPU.Deploy.0 = Debug|Any CPU
		{928BE415-C4EA-4275-9E3D-9000847C8410}.Release|Any CPU.ActiveCfg = Release|Any CPU
		{928BE415-C4EA-4275-9E3D-9000847C8410}.Release|Any CPU.Build.0 = Release|Any CPU
		{928BE415-C4EA-4275-9E3D-9000847C8410}.Release|Any CPU.Deploy.0 = Release|Any CPU
		{0B871C50-6D5D-45D0-B32D-84E25ADB869A}.Debug|Any CPU.ActiveCfg = Debug|Any CPU
		{0B871C50-6D5D-45D0-B32D-84E25ADB869A}.Debug|Any CPU.Build.0 = Debug|Any CPU
		{0B871C50-6D5D-45D0-B32D-84E25ADB869A}.Release|Any CPU.ActiveCfg = Release|Any CPU
		{0B871C50-6D5D-45D0-B32D-84E25ADB869A}.Release|Any CPU.Build.0 = Release|Any CPU
	EndGlobalSection
	GlobalSection(SolutionProperties) = preSolution
		HideSolutionNode = FALSE
	EndGlobalSection
	GlobalSection(NestedProjects) = preSolution
		{E4C0D020-F8C8-4E53-8AF2-5FCEDFBE51CF} = {3B0F6600-1640-4E86-8318-78718771F7E2}
		{0B871C50-6D5D-45D0-B32D-84E25ADB869A} = {3B0F6600-1640-4E86-8318-78718771F7E2}
	EndGlobalSection
EndGlobal
